
Microsoft Visual Studio Solution File, Format Version 12.00
# Visual Studio 14
VisualStudioVersion = 14.0.25420.1
MinimumVisualStudioVersion = 10.0.40219.1
Project("{FAE04EC0-301F-11D3-BF4B-00C04F79EFBC}") = "SocialNetwork.Android", "SocialNetwork\SocialNetwork.Android\SocialNetwork.Android.csproj", "{AF9BF116-4097-4B1B-8A4F-9B471A12207A}"
EndProject
Project("{FAE04EC0-301F-11D3-BF4B-00C04F79EFBC}") = "SocialNetwork", "SocialNetwork\SocialNetwork\SocialNetwork.csproj", "{83BBE914-AB71-4B3A-AE98-CC334FE900AC}"
EndProject
Project("{FAE04EC0-301F-11D3-BF4B-00C04F79EFBC}") = "SocialNetwork.UWP", "SocialNetwork\SocialNetwork.UWP\SocialNetwork.UWP.csproj", "{7A750997-0E05-42D5-B450-BD8C02B60A1D}"
EndProject
Project("{FAE04EC0-301F-11D3-BF4B-00C04F79EFBC}") = "SocialNetwork.iOS", "SocialNetwork\SocialNetwork.iOS\SocialNetwork.iOS.csproj", "{2C2A194D-F566-492B-A68D-B39FF9BE5688}"
EndProject
Global
	GlobalSection(SolutionConfigurationPlatforms) = preSolution
		Ad-Hoc|Any CPU = Ad-Hoc|Any CPU
		Ad-Hoc|ARM = Ad-Hoc|ARM
		Ad-Hoc|iPhone = Ad-Hoc|iPhone
		Ad-Hoc|iPhoneSimulator = Ad-Hoc|iPhoneSimulator
		Ad-Hoc|x64 = Ad-Hoc|x64
		Ad-Hoc|x86 = Ad-Hoc|x86
		AppStore|Any CPU = AppStore|Any CPU
		AppStore|ARM = AppStore|ARM
		AppStore|iPhone = AppStore|iPhone
		AppStore|iPhoneSimulator = AppStore|iPhoneSimulator
		AppStore|x64 = AppStore|x64
		AppStore|x86 = AppStore|x86
		Debug|Any CPU = Debug|Any CPU
		Debug|ARM = Debug|ARM
		Debug|iPhone = Debug|iPhone
		Debug|iPhoneSimulator = Debug|iPhoneSimulator
		Debug|x64 = Debug|x64
		Debug|x86 = Debug|x86
		Release|Any CPU = Release|Any CPU
		Release|ARM = Release|ARM
		Release|iPhone = Release|iPhone
		Release|iPhoneSimulator = Release|iPhoneSimulator
		Release|x64 = Release|x64
		Release|x86 = Release|x86
	EndGlobalSection
	GlobalSection(ProjectConfigurationPlatforms) = postSolution
		{AF9BF116-4097-4B1B-8A4F-9B471A12207A}.Ad-Hoc|Any CPU.ActiveCfg = Release|Any CPU
		{AF9BF116-4097-4B1B-8A4F-9B471A12207A}.Ad-Hoc|Any CPU.Build.0 = Release|Any CPU
		{AF9BF116-4097-4B1B-8A4F-9B471A12207A}.Ad-Hoc|Any CPU.Deploy.0 = Release|Any CPU
		{AF9BF116-4097-4B1B-8A4F-9B471A12207A}.Ad-Hoc|ARM.ActiveCfg = Release|Any CPU
		{AF9BF116-4097-4B1B-8A4F-9B471A12207A}.Ad-Hoc|ARM.Build.0 = Release|Any CPU
		{AF9BF116-4097-4B1B-8A4F-9B471A12207A}.Ad-Hoc|ARM.Deploy.0 = Release|Any CPU
		{AF9BF116-4097-4B1B-8A4F-9B471A12207A}.Ad-Hoc|iPhone.ActiveCfg = Release|Any CPU
		{AF9BF116-4097-4B1B-8A4F-9B471A12207A}.Ad-Hoc|iPhone.Build.0 = Release|Any CPU
		{AF9BF116-4097-4B1B-8A4F-9B471A12207A}.Ad-Hoc|iPhone.Deploy.0 = Release|Any CPU
		{AF9BF116-4097-4B1B-8A4F-9B471A12207A}.Ad-Hoc|iPhoneSimulator.ActiveCfg = Release|Any CPU
		{AF9BF116-4097-4B1B-8A4F-9B471A12207A}.Ad-Hoc|iPhoneSimulator.Build.0 = Release|Any CPU
		{AF9BF116-4097-4B1B-8A4F-9B471A12207A}.Ad-Hoc|iPhoneSimulator.Deploy.0 = Release|Any CPU
		{AF9BF116-4097-4B1B-8A4F-9B471A12207A}.Ad-Hoc|x64.ActiveCfg = Release|Any CPU
		{AF9BF116-4097-4B1B-8A4F-9B471A12207A}.Ad-Hoc|x64.Build.0 = Release|Any CPU
		{AF9BF116-4097-4B1B-8A4F-9B471A12207A}.Ad-Hoc|x64.Deploy.0 = Release|Any CPU
		{AF9BF116-4097-4B1B-8A4F-9B471A12207A}.Ad-Hoc|x86.ActiveCfg = Release|Any CPU
		{AF9BF116-4097-4B1B-8A4F-9B471A12207A}.Ad-Hoc|x86.Build.0 = Release|Any CPU
		{AF9BF116-4097-4B1B-8A4F-9B471A12207A}.Ad-Hoc|x86.Deploy.0 = Release|Any CPU
		{AF9BF116-4097-4B1B-8A4F-9B471A12207A}.AppStore|Any CPU.ActiveCfg = Release|Any CPU
		{AF9BF116-4097-4B1B-8A4F-9B471A12207A}.AppStore|Any CPU.Build.0 = Release|Any CPU
		{AF9BF116-4097-4B1B-8A4F-9B471A12207A}.AppStore|Any CPU.Deploy.0 = Release|Any CPU
		{AF9BF116-4097-4B1B-8A4F-9B471A12207A}.AppStore|ARM.ActiveCfg = Release|Any CPU
		{AF9BF116-4097-4B1B-8A4F-9B471A12207A}.AppStore|ARM.Build.0 = Release|Any CPU
		{AF9BF116-4097-4B1B-8A4F-9B471A12207A}.AppStore|ARM.Deploy.0 = Release|Any CPU
		{AF9BF116-4097-4B1B-8A4F-9B471A12207A}.AppStore|iPhone.ActiveCfg = Release|Any CPU
		{AF9BF116-4097-4B1B-8A4F-9B471A12207A}.AppStore|iPhone.Build.0 = Release|Any CPU
		{AF9BF116-4097-4B1B-8A4F-9B471A12207A}.AppStore|iPhone.Deploy.0 = Release|Any CPU
		{AF9BF116-4097-4B1B-8A4F-9B471A12207A}.AppStore|iPhoneSimulator.ActiveCfg = Release|Any CPU
		{AF9BF116-4097-4B1B-8A4F-9B471A12207A}.AppStore|iPhoneSimulator.Build.0 = Release|Any CPU
		{AF9BF116-4097-4B1B-8A4F-9B471A12207A}.AppStore|iPhoneSimulator.Deploy.0 = Release|Any CPU
		{AF9BF116-4097-4B1B-8A4F-9B471A12207A}.AppStore|x64.ActiveCfg = Release|Any CPU
		{AF9BF116-4097-4B1B-8A4F-9B471A12207A}.AppStore|x64.Build.0 = Release|Any CPU
		{AF9BF116-4097-4B1B-8A4F-9B471A12207A}.AppStore|x64.Deploy.0 = Release|Any CPU
		{AF9BF116-4097-4B1B-8A4F-9B471A12207A}.AppStore|x86.ActiveCfg = Release|Any CPU
		{AF9BF116-4097-4B1B-8A4F-9B471A12207A}.AppStore|x86.Build.0 = Release|Any CPU
		{AF9BF116-4097-4B1B-8A4F-9B471A12207A}.AppStore|x86.Deploy.0 = Release|Any CPU
		{AF9BF116-4097-4B1B-8A4F-9B471A12207A}.Debug|Any CPU.ActiveCfg = Debug|Any CPU
		{AF9BF116-4097-4B1B-8A4F-9B471A12207A}.Debug|Any CPU.Build.0 = Debug|Any CPU
		{AF9BF116-4097-4B1B-8A4F-9B471A12207A}.Debug|Any CPU.Deploy.0 = Debug|Any CPU
		{AF9BF116-4097-4B1B-8A4F-9B471A12207A}.Debug|ARM.ActiveCfg = Debug|Any CPU
		{AF9BF116-4097-4B1B-8A4F-9B471A12207A}.Debug|ARM.Build.0 = Debug|Any CPU
		{AF9BF116-4097-4B1B-8A4F-9B471A12207A}.Debug|ARM.Deploy.0 = Debug|Any CPU
		{AF9BF116-4097-4B1B-8A4F-9B471A12207A}.Debug|iPhone.ActiveCfg = Debug|Any CPU
		{AF9BF116-4097-4B1B-8A4F-9B471A12207A}.Debug|iPhone.Build.0 = Debug|Any CPU
		{AF9BF116-4097-4B1B-8A4F-9B471A12207A}.Debug|iPhone.Deploy.0 = Debug|Any CPU
		{AF9BF116-4097-4B1B-8A4F-9B471A12207A}.Debug|iPhoneSimulator.ActiveCfg = Debug|Any CPU
		{AF9BF116-4097-4B1B-8A4F-9B471A12207A}.Debug|iPhoneSimulator.Build.0 = Debug|Any CPU
		{AF9BF116-4097-4B1B-8A4F-9B471A12207A}.Debug|iPhoneSimulator.Deploy.0 = Debug|Any CPU
		{AF9BF116-4097-4B1B-8A4F-9B471A12207A}.Debug|x64.ActiveCfg = Debug|Any CPU
		{AF9BF116-4097-4B1B-8A4F-9B471A12207A}.Debug|x64.Build.0 = Debug|Any CPU
		{AF9BF116-4097-4B1B-8A4F-9B471A12207A}.Debug|x64.Deploy.0 = Debug|Any CPU
		{AF9BF116-4097-4B1B-8A4F-9B471A12207A}.Debug|x86.ActiveCfg = Debug|Any CPU
		{AF9BF116-4097-4B1B-8A4F-9B471A12207A}.Debug|x86.Build.0 = Debug|Any CPU
		{AF9BF116-4097-4B1B-8A4F-9B471A12207A}.Debug|x86.Deploy.0 = Debug|Any CPU
		{AF9BF116-4097-4B1B-8A4F-9B471A12207A}.Release|Any CPU.ActiveCfg = Release|Any CPU
		{AF9BF116-4097-4B1B-8A4F-9B471A12207A}.Release|Any CPU.Build.0 = Release|Any CPU
		{AF9BF116-4097-4B1B-8A4F-9B471A12207A}.Release|Any CPU.Deploy.0 = Release|Any CPU
		{AF9BF116-4097-4B1B-8A4F-9B471A12207A}.Release|ARM.ActiveCfg = Release|Any CPU
		{AF9BF116-4097-4B1B-8A4F-9B471A12207A}.Release|ARM.Build.0 = Release|Any CPU
		{AF9BF116-4097-4B1B-8A4F-9B471A12207A}.Release|ARM.Deploy.0 = Release|Any CPU
		{AF9BF116-4097-4B1B-8A4F-9B471A12207A}.Release|iPhone.ActiveCfg = Release|Any CPU
		{AF9BF116-4097-4B1B-8A4F-9B471A12207A}.Release|iPhone.Build.0 = Release|Any CPU
		{AF9BF116-4097-4B1B-8A4F-9B471A12207A}.Release|iPhone.Deploy.0 = Release|Any CPU
		{AF9BF116-4097-4B1B-8A4F-9B471A12207A}.Release|iPhoneSimulator.ActiveCfg = Release|Any CPU
		{AF9BF116-4097-4B1B-8A4F-9B471A12207A}.Release|iPhoneSimulator.Build.0 = Release|Any CPU
		{AF9BF116-4097-4B1B-8A4F-9B471A12207A}.Release|iPhoneSimulator.Deploy.0 = Release|Any CPU
		{AF9BF116-4097-4B1B-8A4F-9B471A12207A}.Release|x64.ActiveCfg = Release|Any CPU
		{AF9BF116-4097-4B1B-8A4F-9B471A12207A}.Release|x64.Build.0 = Release|Any CPU
		{AF9BF116-4097-4B1B-8A4F-9B471A12207A}.Release|x64.Deploy.0 = Release|Any CPU
		{AF9BF116-4097-4B1B-8A4F-9B471A12207A}.Release|x86.ActiveCfg = Release|Any CPU
		{AF9BF116-4097-4B1B-8A4F-9B471A12207A}.Release|x86.Build.0 = Release|Any CPU
		{AF9BF116-4097-4B1B-8A4F-9B471A12207A}.Release|x86.Deploy.0 = Release|Any CPU
		{83BBE914-AB71-4B3A-AE98-CC334FE900AC}.Ad-Hoc|Any CPU.ActiveCfg = Release|Any CPU
		{83BBE914-AB71-4B3A-AE98-CC334FE900AC}.Ad-Hoc|Any CPU.Build.0 = Release|Any CPU
		{83BBE914-AB71-4B3A-AE98-CC334FE900AC}.Ad-Hoc|ARM.ActiveCfg = Release|Any CPU
		{83BBE914-AB71-4B3A-AE98-CC334FE900AC}.Ad-Hoc|ARM.Build.0 = Release|Any CPU
		{83BBE914-AB71-4B3A-AE98-CC334FE900AC}.Ad-Hoc|iPhone.ActiveCfg = Release|Any CPU
		{83BBE914-AB71-4B3A-AE98-CC334FE900AC}.Ad-Hoc|iPhone.Build.0 = Release|Any CPU
		{83BBE914-AB71-4B3A-AE98-CC334FE900AC}.Ad-Hoc|iPhoneSimulator.ActiveCfg = Release|Any CPU
		{83BBE914-AB71-4B3A-AE98-CC334FE900AC}.Ad-Hoc|iPhoneSimulator.Build.0 = Release|Any CPU
		{83BBE914-AB71-4B3A-AE98-CC334FE900AC}.Ad-Hoc|x64.ActiveCfg = Release|Any CPU
		{83BBE914-AB71-4B3A-AE98-CC334FE900AC}.Ad-Hoc|x64.Build.0 = Release|Any CPU
		{83BBE914-AB71-4B3A-AE98-CC334FE900AC}.Ad-Hoc|x86.ActiveCfg = Release|Any CPU
		{83BBE914-AB71-4B3A-AE98-CC334FE900AC}.Ad-Hoc|x86.Build.0 = Release|Any CPU
		{83BBE914-AB71-4B3A-AE98-CC334FE900AC}.AppStore|Any CPU.ActiveCfg = Release|Any CPU
		{83BBE914-AB71-4B3A-AE98-CC334FE900AC}.AppStore|Any CPU.Build.0 = Release|Any CPU
		{83BBE914-AB71-4B3A-AE98-CC334FE900AC}.AppStore|ARM.ActiveCfg = Release|Any CPU
		{83BBE914-AB71-4B3A-AE98-CC334FE900AC}.AppStore|ARM.Build.0 = Release|Any CPU
		{83BBE914-AB71-4B3A-AE98-CC334FE900AC}.AppStore|iPhone.ActiveCfg = Release|Any CPU
		{83BBE914-AB71-4B3A-AE98-CC334FE900AC}.AppStore|iPhone.Build.0 = Release|Any CPU
		{83BBE914-AB71-4B3A-AE98-CC334FE900AC}.AppStore|iPhoneSimulator.ActiveCfg = Release|Any CPU
		{83BBE914-AB71-4B3A-AE98-CC334FE900AC}.AppStore|iPhoneSimulator.Build.0 = Release|Any CPU
		{83BBE914-AB71-4B3A-AE98-CC334FE900AC}.AppStore|x64.ActiveCfg = Release|Any CPU
		{83BBE914-AB71-4B3A-AE98-CC334FE900AC}.AppStore|x64.Build.0 = Release|Any CPU
		{83BBE914-AB71-4B3A-AE98-CC334FE900AC}.AppStore|x86.ActiveCfg = Release|Any CPU
		{83BBE914-AB71-4B3A-AE98-CC334FE900AC}.AppStore|x86.Build.0 = Release|Any CPU
		{83BBE914-AB71-4B3A-AE98-CC334FE900AC}.Debug|Any CPU.ActiveCfg = Debug|Any CPU
		{83BBE914-AB71-4B3A-AE98-CC334FE900AC}.Debug|Any CPU.Build.0 = Debug|Any CPU
		{83BBE914-AB71-4B3A-AE98-CC334FE900AC}.Debug|ARM.ActiveCfg = Debug|Any CPU
		{83BBE914-AB71-4B3A-AE98-CC334FE900AC}.Debug|ARM.Build.0 = Debug|Any CPU
		{83BBE914-AB71-4B3A-AE98-CC334FE900AC}.Debug|iPhone.ActiveCfg = Debug|Any CPU
		{83BBE914-AB71-4B3A-AE98-CC334FE900AC}.Debug|iPhone.Build.0 = Debug|Any CPU
		{83BBE914-AB71-4B3A-AE98-CC334FE900AC}.Debug|iPhoneSimulator.ActiveCfg = Debug|Any CPU
		{83BBE914-AB71-4B3A-AE98-CC334FE900AC}.Debug|iPhoneSimulator.Build.0 = Debug|Any CPU
		{83BBE914-AB71-4B3A-AE98-CC334FE900AC}.Debug|x64.ActiveCfg = Debug|Any CPU
		{83BBE914-AB71-4B3A-AE98-CC334FE900AC}.Debug|x64.Build.0 = Debug|Any CPU
		{83BBE914-AB71-4B3A-AE98-CC334FE900AC}.Debug|x86.ActiveCfg = Debug|Any CPU
		{83BBE914-AB71-4B3A-AE98-CC334FE900AC}.Debug|x86.Build.0 = Debug|Any CPU
		{83BBE914-AB71-4B3A-AE98-CC334FE900AC}.Release|Any CPU.ActiveCfg = Release|Any CPU
		{83BBE914-AB71-4B3A-AE98-CC334FE900AC}.Release|Any CPU.Build.0 = Release|Any CPU
		{83BBE914-AB71-4B3A-AE98-CC334FE900AC}.Release|ARM.ActiveCfg = Release|Any CPU
		{83BBE914-AB71-4B3A-AE98-CC334FE900AC}.Release|ARM.Build.0 = Release|Any CPU
		{83BBE914-AB71-4B3A-AE98-CC334FE900AC}.Release|iPhone.ActiveCfg = Release|Any CPU
		{83BBE914-AB71-4B3A-AE98-CC334FE900AC}.Release|iPhone.Build.0 = Release|Any CPU
		{83BBE914-AB71-4B3A-AE98-CC334FE900AC}.Release|iPhoneSimulator.ActiveCfg = Release|Any CPU
		{83BBE914-AB71-4B3A-AE98-CC334FE900AC}.Release|iPhoneSimulator.Build.0 = Release|Any CPU
		{83BBE914-AB71-4B3A-AE98-CC334FE900AC}.Release|x64.ActiveCfg = Release|Any CPU
		{83BBE914-AB71-4B3A-AE98-CC334FE900AC}.Release|x64.Build.0 = Release|Any CPU
		{83BBE914-AB71-4B3A-AE98-CC334FE900AC}.Release|x86.ActiveCfg = Release|Any CPU
		{83BBE914-AB71-4B3A-AE98-CC334FE900AC}.Release|x86.Build.0 = Release|Any CPU
		{7A750997-0E05-42D5-B450-BD8C02B60A1D}.Ad-Hoc|Any CPU.ActiveCfg = Release|x86
		{7A750997-0E05-42D5-B450-BD8C02B60A1D}.Ad-Hoc|Any CPU.Build.0 = Release|x86
		{7A750997-0E05-42D5-B450-BD8C02B60A1D}.Ad-Hoc|Any CPU.Deploy.0 = Release|x86
		{7A750997-0E05-42D5-B450-BD8C02B60A1D}.Ad-Hoc|ARM.ActiveCfg = Release|ARM
		{7A750997-0E05-42D5-B450-BD8C02B60A1D}.Ad-Hoc|ARM.Build.0 = Release|ARM
		{7A750997-0E05-42D5-B450-BD8C02B60A1D}.Ad-Hoc|ARM.Deploy.0 = Release|ARM
		{7A750997-0E05-42D5-B450-BD8C02B60A1D}.Ad-Hoc|iPhone.ActiveCfg = Release|x86
		{7A750997-0E05-42D5-B450-BD8C02B60A1D}.Ad-Hoc|iPhone.Build.0 = Release|x86
		{7A750997-0E05-42D5-B450-BD8C02B60A1D}.Ad-Hoc|iPhone.Deploy.0 = Release|x86
		{7A750997-0E05-42D5-B450-BD8C02B60A1D}.Ad-Hoc|iPhoneSimulator.ActiveCfg = Release|x86
		{7A750997-0E05-42D5-B450-BD8C02B60A1D}.Ad-Hoc|iPhoneSimulator.Build.0 = Release|x86
		{7A750997-0E05-42D5-B450-BD8C02B60A1D}.Ad-Hoc|iPhoneSimulator.Deploy.0 = Release|x86
		{7A750997-0E05-42D5-B450-BD8C02B60A1D}.Ad-Hoc|x64.ActiveCfg = Release|x64
		{7A750997-0E05-42D5-B450-BD8C02B60A1D}.Ad-Hoc|x64.Build.0 = Release|x64
		{7A750997-0E05-42D5-B450-BD8C02B60A1D}.Ad-Hoc|x64.Deploy.0 = Release|x64
		{7A750997-0E05-42D5-B450-BD8C02B60A1D}.Ad-Hoc|x86.ActiveCfg = Release|x86
		{7A750997-0E05-42D5-B450-BD8C02B60A1D}.Ad-Hoc|x86.Build.0 = Release|x86
		{7A750997-0E05-42D5-B450-BD8C02B60A1D}.Ad-Hoc|x86.Deploy.0 = Release|x86
		{7A750997-0E05-42D5-B450-BD8C02B60A1D}.AppStore|Any CPU.ActiveCfg = Release|x86
		{7A750997-0E05-42D5-B450-BD8C02B60A1D}.AppStore|Any CPU.Build.0 = Release|x86
		{7A750997-0E05-42D5-B450-BD8C02B60A1D}.AppStore|Any CPU.Deploy.0 = Release|x86
		{7A750997-0E05-42D5-B450-BD8C02B60A1D}.AppStore|ARM.ActiveCfg = Release|ARM
		{7A750997-0E05-42D5-B450-BD8C02B60A1D}.AppStore|ARM.Build.0 = Release|ARM
		{7A750997-0E05-42D5-B450-BD8C02B60A1D}.AppStore|ARM.Deploy.0 = Release|ARM
		{7A750997-0E05-42D5-B450-BD8C02B60A1D}.AppStore|iPhone.ActiveCfg = Release|x86
		{7A750997-0E05-42D5-B450-BD8C02B60A1D}.AppStore|iPhone.Build.0 = Release|x86
		{7A750997-0E05-42D5-B450-BD8C02B60A1D}.AppStore|iPhone.Deploy.0 = Release|x86
		{7A750997-0E05-42D5-B450-BD8C02B60A1D}.AppStore|iPhoneSimulator.ActiveCfg = Release|x86
		{7A750997-0E05-42D5-B450-BD8C02B60A1D}.AppStore|iPhoneSimulator.Build.0 = Release|x86
		{7A750997-0E05-42D5-B450-BD8C02B60A1D}.AppStore|iPhoneSimulator.Deploy.0 = Release|x86
		{7A750997-0E05-42D5-B450-BD8C02B60A1D}.AppStore|x64.ActiveCfg = Release|x64
		{7A750997-0E05-42D5-B450-BD8C02B60A1D}.AppStore|x64.Build.0 = Release|x64
		{7A750997-0E05-42D5-B450-BD8C02B60A1D}.AppStore|x64.Deploy.0 = Release|x64
		{7A750997-0E05-42D5-B450-BD8C02B60A1D}.AppStore|x86.ActiveCfg = Release|x86
		{7A750997-0E05-42D5-B450-BD8C02B60A1D}.AppStore|x86.Build.0 = Release|x86
		{7A750997-0E05-42D5-B450-BD8C02B60A1D}.AppStore|x86.Deploy.0 = Release|x86
		{7A750997-0E05-42D5-B450-BD8C02B60A1D}.Debug|Any CPU.ActiveCfg = Debug|x86
		{7A750997-0E05-42D5-B450-BD8C02B60A1D}.Debug|ARM.ActiveCfg = Debug|ARM
		{7A750997-0E05-42D5-B450-BD8C02B60A1D}.Debug|ARM.Build.0 = Debug|ARM
		{7A750997-0E05-42D5-B450-BD8C02B60A1D}.Debug|ARM.Deploy.0 = Debug|ARM
		{7A750997-0E05-42D5-B450-BD8C02B60A1D}.Debug|iPhone.ActiveCfg = Debug|x86
		{7A750997-0E05-42D5-B450-BD8C02B60A1D}.Debug|iPhoneSimulator.ActiveCfg = Debug|x86
		{7A750997-0E05-42D5-B450-BD8C02B60A1D}.Debug|x64.ActiveCfg = Debug|x64
		{7A750997-0E05-42D5-B450-BD8C02B60A1D}.Debug|x64.Build.0 = Debug|x64
		{7A750997-0E05-42D5-B450-BD8C02B60A1D}.Debug|x64.Deploy.0 = Debug|x64
		{7A750997-0E05-42D5-B450-BD8C02B60A1D}.Debug|x86.ActiveCfg = Debug|x86
		{7A750997-0E05-42D5-B450-BD8C02B60A1D}.Debug|x86.Build.0 = Debug|x86
		{7A750997-0E05-42D5-B450-BD8C02B60A1D}.Debug|x86.Deploy.0 = Debug|x86
		{7A750997-0E05-42D5-B450-BD8C02B60A1D}.Release|Any CPU.ActiveCfg = Release|x86
		{7A750997-0E05-42D5-B450-BD8C02B60A1D}.Release|ARM.ActiveCfg = Release|ARM
		{7A750997-0E05-42D5-B450-BD8C02B60A1D}.Release|ARM.Build.0 = Release|ARM
		{7A750997-0E05-42D5-B450-BD8C02B60A1D}.Release|ARM.Deploy.0 = Release|ARM
		{7A750997-0E05-42D5-B450-BD8C02B60A1D}.Release|iPhone.ActiveCfg = Release|x86
		{7A750997-0E05-42D5-B450-BD8C02B60A1D}.Release|iPhoneSimulator.ActiveCfg = Release|x86
		{7A750997-0E05-42D5-B450-BD8C02B60A1D}.Release|x64.ActiveCfg = Release|x64
		{7A750997-0E05-42D5-B450-BD8C02B60A1D}.Release|x64.Build.0 = Release|x64
		{7A750997-0E05-42D5-B450-BD8C02B60A1D}.Release|x64.Deploy.0 = Release|x64
		{7A750997-0E05-42D5-B450-BD8C02B60A1D}.Release|x86.ActiveCfg = Release|x86
		{7A750997-0E05-42D5-B450-BD8C02B60A1D}.Release|x86.Build.0 = Release|x86
		{7A750997-0E05-42D5-B450-BD8C02B60A1D}.Release|x86.Deploy.0 = Release|x86
		{2C2A194D-F566-492B-A68D-B39FF9BE5688}.Ad-Hoc|Any CPU.ActiveCfg = Ad-Hoc|iPhone
		{2C2A194D-F566-492B-A68D-B39FF9BE5688}.Ad-Hoc|ARM.ActiveCfg = Ad-Hoc|iPhone
		{2C2A194D-F566-492B-A68D-B39FF9BE5688}.Ad-Hoc|iPhone.ActiveCfg = Ad-Hoc|iPhone
		{2C2A194D-F566-492B-A68D-B39FF9BE5688}.Ad-Hoc|iPhone.Build.0 = Ad-Hoc|iPhone
		{2C2A194D-F566-492B-A68D-B39FF9BE5688}.Ad-Hoc|iPhoneSimulator.ActiveCfg = Ad-Hoc|iPhoneSimulator
		{2C2A194D-F566-492B-A68D-B39FF9BE5688}.Ad-Hoc|iPhoneSimulator.Build.0 = Ad-Hoc|iPhoneSimulator
		{2C2A194D-F566-492B-A68D-B39FF9BE5688}.Ad-Hoc|x64.ActiveCfg = Ad-Hoc|iPhone
		{2C2A194D-F566-492B-A68D-B39FF9BE5688}.Ad-Hoc|x86.ActiveCfg = Ad-Hoc|iPhone
		{2C2A194D-F566-492B-A68D-B39FF9BE5688}.AppStore|Any CPU.ActiveCfg = AppStore|iPhone
		{2C2A194D-F566-492B-A68D-B39FF9BE5688}.AppStore|ARM.ActiveCfg = AppStore|iPhone
		{2C2A194D-F566-492B-A68D-B39FF9BE5688}.AppStore|iPhone.ActiveCfg = AppStore|iPhone
		{2C2A194D-F566-492B-A68D-B39FF9BE5688}.AppStore|iPhone.Build.0 = AppStore|iPhone
		{2C2A194D-F566-492B-A68D-B39FF9BE5688}.AppStore|iPhoneSimulator.ActiveCfg = AppStore|iPhoneSimulator
		{2C2A194D-F566-492B-A68D-B39FF9BE5688}.AppStore|iPhoneSimulator.Build.0 = AppStore|iPhoneSimulator
		{2C2A194D-F566-492B-A68D-B39FF9BE5688}.AppStore|x64.ActiveCfg = AppStore|iPhone
		{2C2A194D-F566-492B-A68D-B39FF9BE5688}.AppStore|x86.ActiveCfg = AppStore|iPhone
		{2C2A194D-F566-492B-A68D-B39FF9BE5688}.Debug|Any CPU.ActiveCfg = Debug|iPhone
		{2C2A194D-F566-492B-A68D-B39FF9BE5688}.Debug|ARM.ActiveCfg = Debug|iPhone
		{2C2A194D-F566-492B-A68D-B39FF9BE5688}.Debug|iPhone.ActiveCfg = Debug|iPhone
		{2C2A194D-F566-492B-A68D-B39FF9BE5688}.Debug|iPhone.Build.0 = Debug|iPhone
		{2C2A194D-F566-492B-A68D-B39FF9BE5688}.Debug|iPhoneSimulator.ActiveCfg = Debug|iPhoneSimulator
		{2C2A194D-F566-492B-A68D-B39FF9BE5688}.Debug|iPhoneSimulator.Build.0 = Debug|iPhoneSimulator
		{2C2A194D-F566-492B-A68D-B39FF9BE5688}.Debug|x64.ActiveCfg = Debug|iPhone
		{2C2A194D-F566-492B-A68D-B39FF9BE5688}.Debug|x86.ActiveCfg = Debug|iPhone
		{2C2A194D-F566-492B-A68D-B39FF9BE5688}.Release|Any CPU.ActiveCfg = Release|iPhone
		{2C2A194D-F566-492B-A68D-B39FF9BE5688}.Release|ARM.ActiveCfg = Release|iPhone
		{2C2A194D-F566-492B-A68D-B39FF9BE5688}.Release|iPhone.ActiveCfg = Release|iPhone
		{2C2A194D-F566-492B-A68D-B39FF9BE5688}.Release|iPhone.Build.0 = Release|iPhone
		{2C2A194D-F566-492B-A68D-B39FF9BE5688}.Release|iPhoneSimulator.ActiveCfg = Release|iPhoneSimulator
		{2C2A194D-F566-492B-A68D-B39FF9BE5688}.Release|iPhoneSimulator.Build.0 = Release|iPhoneSimulator
		{2C2A194D-F566-492B-A68D-B39FF9BE5688}.Release|x64.ActiveCfg = Release|iPhone
		{2C2A194D-F566-492B-A68D-B39FF9BE5688}.Release|x86.ActiveCfg = Release|iPhone
	EndGlobalSection
	GlobalSection(SolutionProperties) = preSolution
		HideSolutionNode = FALSE
	EndGlobalSection
EndGlobal
