
Microsoft Visual Studio Solution File, Format Version 12.00
# Visual Studio 15
VisualStudioVersion = 15.0.26228.4
MinimumVisualStudioVersion = 10.0.40219.1
Project("{FAE04EC0-301F-11D3-BF4B-00C04F79EFBC}") = "GreatPlaces.Android", "GreatPlaces\GreatPlaces.Android\GreatPlaces.Android.csproj", "{6AA60011-72F0-4D1C-89F8-A04A8F502530}"
EndProject
Project("{FAE04EC0-301F-11D3-BF4B-00C04F79EFBC}") = "GreatPlaces", "GreatPlaces\GreatPlaces\GreatPlaces.csproj", "{E7EF6AC8-909F-437C-BD1C-B8703B2BA5AA}"
EndProject
Project("{FAE04EC0-301F-11D3-BF4B-00C04F79EFBC}") = "GreatPlaces.UWP", "GreatPlaces\GreatPlaces.UWP\GreatPlaces.UWP.csproj", "{86F6720F-23BF-4159-861E-E920CAA82DF4}"
EndProject
Project("{FAE04EC0-301F-11D3-BF4B-00C04F79EFBC}") = "GreatPlaces.iOS", "GreatPlaces\GreatPlaces.iOS\GreatPlaces.iOS.csproj", "{D5245DEB-39C7-4BB5-BBF3-30E9DECA4427}"
EndProject
Global
	GlobalSection(SolutionConfigurationPlatforms) = preSolution
		Ad-Hoc|Any CPU = Ad-Hoc|Any CPU
		Ad-Hoc|ARM = Ad-Hoc|ARM
		Ad-Hoc|iPhone = Ad-Hoc|iPhone
		Ad-Hoc|iPhoneSimulator = Ad-Hoc|iPhoneSimulator
		Ad-Hoc|x64 = Ad-Hoc|x64
		Ad-Hoc|x86 = Ad-Hoc|x86
		AppStore|Any CPU = AppStore|Any CPU
		AppStore|ARM = AppStore|ARM
		AppStore|iPhone = AppStore|iPhone
		AppStore|iPhoneSimulator = AppStore|iPhoneSimulator
		AppStore|x64 = AppStore|x64
		AppStore|x86 = AppStore|x86
		Debug|Any CPU = Debug|Any CPU
		Debug|ARM = Debug|ARM
		Debug|iPhone = Debug|iPhone
		Debug|iPhoneSimulator = Debug|iPhoneSimulator
		Debug|x64 = Debug|x64
		Debug|x86 = Debug|x86
		Release|Any CPU = Release|Any CPU
		Release|ARM = Release|ARM
		Release|iPhone = Release|iPhone
		Release|iPhoneSimulator = Release|iPhoneSimulator
		Release|x64 = Release|x64
		Release|x86 = Release|x86
	EndGlobalSection
	GlobalSection(ProjectConfigurationPlatforms) = postSolution
		{6AA60011-72F0-4D1C-89F8-A04A8F502530}.Ad-Hoc|Any CPU.ActiveCfg = Release|Any CPU
		{6AA60011-72F0-4D1C-89F8-A04A8F502530}.Ad-Hoc|Any CPU.Build.0 = Release|Any CPU
		{6AA60011-72F0-4D1C-89F8-A04A8F502530}.Ad-Hoc|Any CPU.Deploy.0 = Release|Any CPU
		{6AA60011-72F0-4D1C-89F8-A04A8F502530}.Ad-Hoc|ARM.ActiveCfg = Release|Any CPU
		{6AA60011-72F0-4D1C-89F8-A04A8F502530}.Ad-Hoc|ARM.Build.0 = Release|Any CPU
		{6AA60011-72F0-4D1C-89F8-A04A8F502530}.Ad-Hoc|ARM.Deploy.0 = Release|Any CPU
		{6AA60011-72F0-4D1C-89F8-A04A8F502530}.Ad-Hoc|iPhone.ActiveCfg = Release|Any CPU
		{6AA60011-72F0-4D1C-89F8-A04A8F502530}.Ad-Hoc|iPhone.Build.0 = Release|Any CPU
		{6AA60011-72F0-4D1C-89F8-A04A8F502530}.Ad-Hoc|iPhone.Deploy.0 = Release|Any CPU
		{6AA60011-72F0-4D1C-89F8-A04A8F502530}.Ad-Hoc|iPhoneSimulator.ActiveCfg = Release|Any CPU
		{6AA60011-72F0-4D1C-89F8-A04A8F502530}.Ad-Hoc|iPhoneSimulator.Build.0 = Release|Any CPU
		{6AA60011-72F0-4D1C-89F8-A04A8F502530}.Ad-Hoc|iPhoneSimulator.Deploy.0 = Release|Any CPU
		{6AA60011-72F0-4D1C-89F8-A04A8F502530}.Ad-Hoc|x64.ActiveCfg = Release|Any CPU
		{6AA60011-72F0-4D1C-89F8-A04A8F502530}.Ad-Hoc|x64.Build.0 = Release|Any CPU
		{6AA60011-72F0-4D1C-89F8-A04A8F502530}.Ad-Hoc|x64.Deploy.0 = Release|Any CPU
		{6AA60011-72F0-4D1C-89F8-A04A8F502530}.Ad-Hoc|x86.ActiveCfg = Release|Any CPU
		{6AA60011-72F0-4D1C-89F8-A04A8F502530}.Ad-Hoc|x86.Build.0 = Release|Any CPU
		{6AA60011-72F0-4D1C-89F8-A04A8F502530}.Ad-Hoc|x86.Deploy.0 = Release|Any CPU
		{6AA60011-72F0-4D1C-89F8-A04A8F502530}.AppStore|Any CPU.ActiveCfg = Release|Any CPU
		{6AA60011-72F0-4D1C-89F8-A04A8F502530}.AppStore|Any CPU.Build.0 = Release|Any CPU
		{6AA60011-72F0-4D1C-89F8-A04A8F502530}.AppStore|Any CPU.Deploy.0 = Release|Any CPU
		{6AA60011-72F0-4D1C-89F8-A04A8F502530}.AppStore|ARM.ActiveCfg = Release|Any CPU
		{6AA60011-72F0-4D1C-89F8-A04A8F502530}.AppStore|ARM.Build.0 = Release|Any CPU
		{6AA60011-72F0-4D1C-89F8-A04A8F502530}.AppStore|ARM.Deploy.0 = Release|Any CPU
		{6AA60011-72F0-4D1C-89F8-A04A8F502530}.AppStore|iPhone.ActiveCfg = Release|Any CPU
		{6AA60011-72F0-4D1C-89F8-A04A8F502530}.AppStore|iPhone.Build.0 = Release|Any CPU
		{6AA60011-72F0-4D1C-89F8-A04A8F502530}.AppStore|iPhone.Deploy.0 = Release|Any CPU
		{6AA60011-72F0-4D1C-89F8-A04A8F502530}.AppStore|iPhoneSimulator.ActiveCfg = Release|Any CPU
		{6AA60011-72F0-4D1C-89F8-A04A8F502530}.AppStore|iPhoneSimulator.Build.0 = Release|Any CPU
		{6AA60011-72F0-4D1C-89F8-A04A8F502530}.AppStore|iPhoneSimulator.Deploy.0 = Release|Any CPU
		{6AA60011-72F0-4D1C-89F8-A04A8F502530}.AppStore|x64.ActiveCfg = Release|Any CPU
		{6AA60011-72F0-4D1C-89F8-A04A8F502530}.AppStore|x64.Build.0 = Release|Any CPU
		{6AA60011-72F0-4D1C-89F8-A04A8F502530}.AppStore|x64.Deploy.0 = Release|Any CPU
		{6AA60011-72F0-4D1C-89F8-A04A8F502530}.AppStore|x86.ActiveCfg = Release|Any CPU
		{6AA60011-72F0-4D1C-89F8-A04A8F502530}.AppStore|x86.Build.0 = Release|Any CPU
		{6AA60011-72F0-4D1C-89F8-A04A8F502530}.AppStore|x86.Deploy.0 = Release|Any CPU
		{6AA60011-72F0-4D1C-89F8-A04A8F502530}.Debug|Any CPU.ActiveCfg = Debug|Any CPU
		{6AA60011-72F0-4D1C-89F8-A04A8F502530}.Debug|Any CPU.Build.0 = Debug|Any CPU
		{6AA60011-72F0-4D1C-89F8-A04A8F502530}.Debug|Any CPU.Deploy.0 = Debug|Any CPU
		{6AA60011-72F0-4D1C-89F8-A04A8F502530}.Debug|ARM.ActiveCfg = Debug|Any CPU
		{6AA60011-72F0-4D1C-89F8-A04A8F502530}.Debug|ARM.Build.0 = Debug|Any CPU
		{6AA60011-72F0-4D1C-89F8-A04A8F502530}.Debug|ARM.Deploy.0 = Debug|Any CPU
		{6AA60011-72F0-4D1C-89F8-A04A8F502530}.Debug|iPhone.ActiveCfg = Debug|Any CPU
		{6AA60011-72F0-4D1C-89F8-A04A8F502530}.Debug|iPhone.Build.0 = Debug|Any CPU
		{6AA60011-72F0-4D1C-89F8-A04A8F502530}.Debug|iPhone.Deploy.0 = Debug|Any CPU
		{6AA60011-72F0-4D1C-89F8-A04A8F502530}.Debug|iPhoneSimulator.ActiveCfg = Debug|Any CPU
		{6AA60011-72F0-4D1C-89F8-A04A8F502530}.Debug|iPhoneSimulator.Build.0 = Debug|Any CPU
		{6AA60011-72F0-4D1C-89F8-A04A8F502530}.Debug|iPhoneSimulator.Deploy.0 = Debug|Any CPU
		{6AA60011-72F0-4D1C-89F8-A04A8F502530}.Debug|x64.ActiveCfg = Debug|Any CPU
		{6AA60011-72F0-4D1C-89F8-A04A8F502530}.Debug|x64.Build.0 = Debug|Any CPU
		{6AA60011-72F0-4D1C-89F8-A04A8F502530}.Debug|x64.Deploy.0 = Debug|Any CPU
		{6AA60011-72F0-4D1C-89F8-A04A8F502530}.Debug|x86.ActiveCfg = Debug|Any CPU
		{6AA60011-72F0-4D1C-89F8-A04A8F502530}.Debug|x86.Build.0 = Debug|Any CPU
		{6AA60011-72F0-4D1C-89F8-A04A8F502530}.Debug|x86.Deploy.0 = Debug|Any CPU
		{6AA60011-72F0-4D1C-89F8-A04A8F502530}.Release|Any CPU.ActiveCfg = Release|Any CPU
		{6AA60011-72F0-4D1C-89F8-A04A8F502530}.Release|Any CPU.Build.0 = Release|Any CPU
		{6AA60011-72F0-4D1C-89F8-A04A8F502530}.Release|Any CPU.Deploy.0 = Release|Any CPU
		{6AA60011-72F0-4D1C-89F8-A04A8F502530}.Release|ARM.ActiveCfg = Release|Any CPU
		{6AA60011-72F0-4D1C-89F8-A04A8F502530}.Release|ARM.Build.0 = Release|Any CPU
		{6AA60011-72F0-4D1C-89F8-A04A8F502530}.Release|ARM.Deploy.0 = Release|Any CPU
		{6AA60011-72F0-4D1C-89F8-A04A8F502530}.Release|iPhone.ActiveCfg = Release|Any CPU
		{6AA60011-72F0-4D1C-89F8-A04A8F502530}.Release|iPhone.Build.0 = Release|Any CPU
		{6AA60011-72F0-4D1C-89F8-A04A8F502530}.Release|iPhone.Deploy.0 = Release|Any CPU
		{6AA60011-72F0-4D1C-89F8-A04A8F502530}.Release|iPhoneSimulator.ActiveCfg = Release|Any CPU
		{6AA60011-72F0-4D1C-89F8-A04A8F502530}.Release|iPhoneSimulator.Build.0 = Release|Any CPU
		{6AA60011-72F0-4D1C-89F8-A04A8F502530}.Release|iPhoneSimulator.Deploy.0 = Release|Any CPU
		{6AA60011-72F0-4D1C-89F8-A04A8F502530}.Release|x64.ActiveCfg = Release|Any CPU
		{6AA60011-72F0-4D1C-89F8-A04A8F502530}.Release|x64.Build.0 = Release|Any CPU
		{6AA60011-72F0-4D1C-89F8-A04A8F502530}.Release|x64.Deploy.0 = Release|Any CPU
		{6AA60011-72F0-4D1C-89F8-A04A8F502530}.Release|x86.ActiveCfg = Release|Any CPU
		{6AA60011-72F0-4D1C-89F8-A04A8F502530}.Release|x86.Build.0 = Release|Any CPU
		{6AA60011-72F0-4D1C-89F8-A04A8F502530}.Release|x86.Deploy.0 = Release|Any CPU
		{E7EF6AC8-909F-437C-BD1C-B8703B2BA5AA}.Ad-Hoc|Any CPU.ActiveCfg = Release|Any CPU
		{E7EF6AC8-909F-437C-BD1C-B8703B2BA5AA}.Ad-Hoc|Any CPU.Build.0 = Release|Any CPU
		{E7EF6AC8-909F-437C-BD1C-B8703B2BA5AA}.Ad-Hoc|ARM.ActiveCfg = Release|Any CPU
		{E7EF6AC8-909F-437C-BD1C-B8703B2BA5AA}.Ad-Hoc|ARM.Build.0 = Release|Any CPU
		{E7EF6AC8-909F-437C-BD1C-B8703B2BA5AA}.Ad-Hoc|iPhone.ActiveCfg = Release|Any CPU
		{E7EF6AC8-909F-437C-BD1C-B8703B2BA5AA}.Ad-Hoc|iPhone.Build.0 = Release|Any CPU
		{E7EF6AC8-909F-437C-BD1C-B8703B2BA5AA}.Ad-Hoc|iPhoneSimulator.ActiveCfg = Release|Any CPU
		{E7EF6AC8-909F-437C-BD1C-B8703B2BA5AA}.Ad-Hoc|iPhoneSimulator.Build.0 = Release|Any CPU
		{E7EF6AC8-909F-437C-BD1C-B8703B2BA5AA}.Ad-Hoc|x64.ActiveCfg = Release|Any CPU
		{E7EF6AC8-909F-437C-BD1C-B8703B2BA5AA}.Ad-Hoc|x64.Build.0 = Release|Any CPU
		{E7EF6AC8-909F-437C-BD1C-B8703B2BA5AA}.Ad-Hoc|x86.ActiveCfg = Release|Any CPU
		{E7EF6AC8-909F-437C-BD1C-B8703B2BA5AA}.Ad-Hoc|x86.Build.0 = Release|Any CPU
		{E7EF6AC8-909F-437C-BD1C-B8703B2BA5AA}.AppStore|Any CPU.ActiveCfg = Release|Any CPU
		{E7EF6AC8-909F-437C-BD1C-B8703B2BA5AA}.AppStore|Any CPU.Build.0 = Release|Any CPU
		{E7EF6AC8-909F-437C-BD1C-B8703B2BA5AA}.AppStore|ARM.ActiveCfg = Release|Any CPU
		{E7EF6AC8-909F-437C-BD1C-B8703B2BA5AA}.AppStore|ARM.Build.0 = Release|Any CPU
		{E7EF6AC8-909F-437C-BD1C-B8703B2BA5AA}.AppStore|iPhone.ActiveCfg = Release|Any CPU
		{E7EF6AC8-909F-437C-BD1C-B8703B2BA5AA}.AppStore|iPhone.Build.0 = Release|Any CPU
		{E7EF6AC8-909F-437C-BD1C-B8703B2BA5AA}.AppStore|iPhoneSimulator.ActiveCfg = Release|Any CPU
		{E7EF6AC8-909F-437C-BD1C-B8703B2BA5AA}.AppStore|iPhoneSimulator.Build.0 = Release|Any CPU
		{E7EF6AC8-909F-437C-BD1C-B8703B2BA5AA}.AppStore|x64.ActiveCfg = Release|Any CPU
		{E7EF6AC8-909F-437C-BD1C-B8703B2BA5AA}.AppStore|x64.Build.0 = Release|Any CPU
		{E7EF6AC8-909F-437C-BD1C-B8703B2BA5AA}.AppStore|x86.ActiveCfg = Release|Any CPU
		{E7EF6AC8-909F-437C-BD1C-B8703B2BA5AA}.AppStore|x86.Build.0 = Release|Any CPU
		{E7EF6AC8-909F-437C-BD1C-B8703B2BA5AA}.Debug|Any CPU.ActiveCfg = Debug|Any CPU
		{E7EF6AC8-909F-437C-BD1C-B8703B2BA5AA}.Debug|Any CPU.Build.0 = Debug|Any CPU
		{E7EF6AC8-909F-437C-BD1C-B8703B2BA5AA}.Debug|ARM.ActiveCfg = Debug|Any CPU
		{E7EF6AC8-909F-437C-BD1C-B8703B2BA5AA}.Debug|ARM.Build.0 = Debug|Any CPU
		{E7EF6AC8-909F-437C-BD1C-B8703B2BA5AA}.Debug|iPhone.ActiveCfg = Debug|Any CPU
		{E7EF6AC8-909F-437C-BD1C-B8703B2BA5AA}.Debug|iPhone.Build.0 = Debug|Any CPU
		{E7EF6AC8-909F-437C-BD1C-B8703B2BA5AA}.Debug|iPhoneSimulator.ActiveCfg = Debug|Any CPU
		{E7EF6AC8-909F-437C-BD1C-B8703B2BA5AA}.Debug|iPhoneSimulator.Build.0 = Debug|Any CPU
		{E7EF6AC8-909F-437C-BD1C-B8703B2BA5AA}.Debug|x64.ActiveCfg = Debug|Any CPU
		{E7EF6AC8-909F-437C-BD1C-B8703B2BA5AA}.Debug|x64.Build.0 = Debug|Any CPU
		{E7EF6AC8-909F-437C-BD1C-B8703B2BA5AA}.Debug|x86.ActiveCfg = Debug|Any CPU
		{E7EF6AC8-909F-437C-BD1C-B8703B2BA5AA}.Debug|x86.Build.0 = Debug|Any CPU
		{E7EF6AC8-909F-437C-BD1C-B8703B2BA5AA}.Release|Any CPU.ActiveCfg = Release|Any CPU
		{E7EF6AC8-909F-437C-BD1C-B8703B2BA5AA}.Release|Any CPU.Build.0 = Release|Any CPU
		{E7EF6AC8-909F-437C-BD1C-B8703B2BA5AA}.Release|ARM.ActiveCfg = Release|Any CPU
		{E7EF6AC8-909F-437C-BD1C-B8703B2BA5AA}.Release|ARM.Build.0 = Release|Any CPU
		{E7EF6AC8-909F-437C-BD1C-B8703B2BA5AA}.Release|iPhone.ActiveCfg = Release|Any CPU
		{E7EF6AC8-909F-437C-BD1C-B8703B2BA5AA}.Release|iPhone.Build.0 = Release|Any CPU
		{E7EF6AC8-909F-437C-BD1C-B8703B2BA5AA}.Release|iPhoneSimulator.ActiveCfg = Release|Any CPU
		{E7EF6AC8-909F-437C-BD1C-B8703B2BA5AA}.Release|iPhoneSimulator.Build.0 = Release|Any CPU
		{E7EF6AC8-909F-437C-BD1C-B8703B2BA5AA}.Release|x64.ActiveCfg = Release|Any CPU
		{E7EF6AC8-909F-437C-BD1C-B8703B2BA5AA}.Release|x64.Build.0 = Release|Any CPU
		{E7EF6AC8-909F-437C-BD1C-B8703B2BA5AA}.Release|x86.ActiveCfg = Release|Any CPU
		{E7EF6AC8-909F-437C-BD1C-B8703B2BA5AA}.Release|x86.Build.0 = Release|Any CPU
		{86F6720F-23BF-4159-861E-E920CAA82DF4}.Ad-Hoc|Any CPU.ActiveCfg = Release|x86
		{86F6720F-23BF-4159-861E-E920CAA82DF4}.Ad-Hoc|Any CPU.Build.0 = Release|x86
		{86F6720F-23BF-4159-861E-E920CAA82DF4}.Ad-Hoc|Any CPU.Deploy.0 = Release|x86
		{86F6720F-23BF-4159-861E-E920CAA82DF4}.Ad-Hoc|ARM.ActiveCfg = Release|ARM
		{86F6720F-23BF-4159-861E-E920CAA82DF4}.Ad-Hoc|ARM.Build.0 = Release|ARM
		{86F6720F-23BF-4159-861E-E920CAA82DF4}.Ad-Hoc|ARM.Deploy.0 = Release|ARM
		{86F6720F-23BF-4159-861E-E920CAA82DF4}.Ad-Hoc|iPhone.ActiveCfg = Release|x86
		{86F6720F-23BF-4159-861E-E920CAA82DF4}.Ad-Hoc|iPhone.Build.0 = Release|x86
		{86F6720F-23BF-4159-861E-E920CAA82DF4}.Ad-Hoc|iPhone.Deploy.0 = Release|x86
		{86F6720F-23BF-4159-861E-E920CAA82DF4}.Ad-Hoc|iPhoneSimulator.ActiveCfg = Release|x86
		{86F6720F-23BF-4159-861E-E920CAA82DF4}.Ad-Hoc|iPhoneSimulator.Build.0 = Release|x86
		{86F6720F-23BF-4159-861E-E920CAA82DF4}.Ad-Hoc|iPhoneSimulator.Deploy.0 = Release|x86
		{86F6720F-23BF-4159-861E-E920CAA82DF4}.Ad-Hoc|x64.ActiveCfg = Release|x64
		{86F6720F-23BF-4159-861E-E920CAA82DF4}.Ad-Hoc|x64.Build.0 = Release|x64
		{86F6720F-23BF-4159-861E-E920CAA82DF4}.Ad-Hoc|x64.Deploy.0 = Release|x64
		{86F6720F-23BF-4159-861E-E920CAA82DF4}.Ad-Hoc|x86.ActiveCfg = Release|x86
		{86F6720F-23BF-4159-861E-E920CAA82DF4}.Ad-Hoc|x86.Build.0 = Release|x86
		{86F6720F-23BF-4159-861E-E920CAA82DF4}.Ad-Hoc|x86.Deploy.0 = Release|x86
		{86F6720F-23BF-4159-861E-E920CAA82DF4}.AppStore|Any CPU.ActiveCfg = Release|x86
		{86F6720F-23BF-4159-861E-E920CAA82DF4}.AppStore|Any CPU.Build.0 = Release|x86
		{86F6720F-23BF-4159-861E-E920CAA82DF4}.AppStore|Any CPU.Deploy.0 = Release|x86
		{86F6720F-23BF-4159-861E-E920CAA82DF4}.AppStore|ARM.ActiveCfg = Release|ARM
		{86F6720F-23BF-4159-861E-E920CAA82DF4}.AppStore|ARM.Build.0 = Release|ARM
		{86F6720F-23BF-4159-861E-E920CAA82DF4}.AppStore|ARM.Deploy.0 = Release|ARM
		{86F6720F-23BF-4159-861E-E920CAA82DF4}.AppStore|iPhone.ActiveCfg = Release|x86
		{86F6720F-23BF-4159-861E-E920CAA82DF4}.AppStore|iPhone.Build.0 = Release|x86
		{86F6720F-23BF-4159-861E-E920CAA82DF4}.AppStore|iPhone.Deploy.0 = Release|x86
		{86F6720F-23BF-4159-861E-E920CAA82DF4}.AppStore|iPhoneSimulator.ActiveCfg = Release|x86
		{86F6720F-23BF-4159-861E-E920CAA82DF4}.AppStore|iPhoneSimulator.Build.0 = Release|x86
		{86F6720F-23BF-4159-861E-E920CAA82DF4}.AppStore|iPhoneSimulator.Deploy.0 = Release|x86
		{86F6720F-23BF-4159-861E-E920CAA82DF4}.AppStore|x64.ActiveCfg = Release|x64
		{86F6720F-23BF-4159-861E-E920CAA82DF4}.AppStore|x64.Build.0 = Release|x64
		{86F6720F-23BF-4159-861E-E920CAA82DF4}.AppStore|x64.Deploy.0 = Release|x64
		{86F6720F-23BF-4159-861E-E920CAA82DF4}.AppStore|x86.ActiveCfg = Release|x86
		{86F6720F-23BF-4159-861E-E920CAA82DF4}.AppStore|x86.Build.0 = Release|x86
		{86F6720F-23BF-4159-861E-E920CAA82DF4}.AppStore|x86.Deploy.0 = Release|x86
		{86F6720F-23BF-4159-861E-E920CAA82DF4}.Debug|Any CPU.ActiveCfg = Debug|x86
		{86F6720F-23BF-4159-861E-E920CAA82DF4}.Debug|ARM.ActiveCfg = Debug|ARM
		{86F6720F-23BF-4159-861E-E920CAA82DF4}.Debug|ARM.Build.0 = Debug|ARM
		{86F6720F-23BF-4159-861E-E920CAA82DF4}.Debug|ARM.Deploy.0 = Debug|ARM
		{86F6720F-23BF-4159-861E-E920CAA82DF4}.Debug|iPhone.ActiveCfg = Debug|x86
		{86F6720F-23BF-4159-861E-E920CAA82DF4}.Debug|iPhoneSimulator.ActiveCfg = Debug|x86
		{86F6720F-23BF-4159-861E-E920CAA82DF4}.Debug|x64.ActiveCfg = Debug|x64
		{86F6720F-23BF-4159-861E-E920CAA82DF4}.Debug|x64.Build.0 = Debug|x64
		{86F6720F-23BF-4159-861E-E920CAA82DF4}.Debug|x64.Deploy.0 = Debug|x64
		{86F6720F-23BF-4159-861E-E920CAA82DF4}.Debug|x86.ActiveCfg = Debug|x86
		{86F6720F-23BF-4159-861E-E920CAA82DF4}.Debug|x86.Build.0 = Debug|x86
		{86F6720F-23BF-4159-861E-E920CAA82DF4}.Debug|x86.Deploy.0 = Debug|x86
		{86F6720F-23BF-4159-861E-E920CAA82DF4}.Release|Any CPU.ActiveCfg = Release|x86
		{86F6720F-23BF-4159-861E-E920CAA82DF4}.Release|ARM.ActiveCfg = Release|ARM
		{86F6720F-23BF-4159-861E-E920CAA82DF4}.Release|ARM.Build.0 = Release|ARM
		{86F6720F-23BF-4159-861E-E920CAA82DF4}.Release|ARM.Deploy.0 = Release|ARM
		{86F6720F-23BF-4159-861E-E920CAA82DF4}.Release|iPhone.ActiveCfg = Release|x86
		{86F6720F-23BF-4159-861E-E920CAA82DF4}.Release|iPhoneSimulator.ActiveCfg = Release|x86
		{86F6720F-23BF-4159-861E-E920CAA82DF4}.Release|x64.ActiveCfg = Release|x64
		{86F6720F-23BF-4159-861E-E920CAA82DF4}.Release|x64.Build.0 = Release|x64
		{86F6720F-23BF-4159-861E-E920CAA82DF4}.Release|x64.Deploy.0 = Release|x64
		{86F6720F-23BF-4159-861E-E920CAA82DF4}.Release|x86.ActiveCfg = Release|x86
		{86F6720F-23BF-4159-861E-E920CAA82DF4}.Release|x86.Build.0 = Release|x86
		{86F6720F-23BF-4159-861E-E920CAA82DF4}.Release|x86.Deploy.0 = Release|x86
		{D5245DEB-39C7-4BB5-BBF3-30E9DECA4427}.Ad-Hoc|Any CPU.ActiveCfg = Ad-Hoc|iPhone
		{D5245DEB-39C7-4BB5-BBF3-30E9DECA4427}.Ad-Hoc|ARM.ActiveCfg = Ad-Hoc|iPhone
		{D5245DEB-39C7-4BB5-BBF3-30E9DECA4427}.Ad-Hoc|iPhone.ActiveCfg = Ad-Hoc|iPhone
		{D5245DEB-39C7-4BB5-BBF3-30E9DECA4427}.Ad-Hoc|iPhone.Build.0 = Ad-Hoc|iPhone
		{D5245DEB-39C7-4BB5-BBF3-30E9DECA4427}.Ad-Hoc|iPhoneSimulator.ActiveCfg = Ad-Hoc|iPhoneSimulator
		{D5245DEB-39C7-4BB5-BBF3-30E9DECA4427}.Ad-Hoc|iPhoneSimulator.Build.0 = Ad-Hoc|iPhoneSimulator
		{D5245DEB-39C7-4BB5-BBF3-30E9DECA4427}.Ad-Hoc|x64.ActiveCfg = Ad-Hoc|iPhone
		{D5245DEB-39C7-4BB5-BBF3-30E9DECA4427}.Ad-Hoc|x86.ActiveCfg = Ad-Hoc|iPhone
		{D5245DEB-39C7-4BB5-BBF3-30E9DECA4427}.AppStore|Any CPU.ActiveCfg = AppStore|iPhone
		{D5245DEB-39C7-4BB5-BBF3-30E9DECA4427}.AppStore|ARM.ActiveCfg = AppStore|iPhone
		{D5245DEB-39C7-4BB5-BBF3-30E9DECA4427}.AppStore|iPhone.ActiveCfg = AppStore|iPhone
		{D5245DEB-39C7-4BB5-BBF3-30E9DECA4427}.AppStore|iPhone.Build.0 = AppStore|iPhone
		{D5245DEB-39C7-4BB5-BBF3-30E9DECA4427}.AppStore|iPhoneSimulator.ActiveCfg = AppStore|iPhoneSimulator
		{D5245DEB-39C7-4BB5-BBF3-30E9DECA4427}.AppStore|iPhoneSimulator.Build.0 = AppStore|iPhoneSimulator
		{D5245DEB-39C7-4BB5-BBF3-30E9DECA4427}.AppStore|x64.ActiveCfg = AppStore|iPhone
		{D5245DEB-39C7-4BB5-BBF3-30E9DECA4427}.AppStore|x86.ActiveCfg = AppStore|iPhone
		{D5245DEB-39C7-4BB5-BBF3-30E9DECA4427}.Debug|Any CPU.ActiveCfg = Debug|iPhone
		{D5245DEB-39C7-4BB5-BBF3-30E9DECA4427}.Debug|ARM.ActiveCfg = Debug|iPhone
		{D5245DEB-39C7-4BB5-BBF3-30E9DECA4427}.Debug|iPhone.ActiveCfg = Debug|iPhone
		{D5245DEB-39C7-4BB5-BBF3-30E9DECA4427}.Debug|iPhone.Build.0 = Debug|iPhone
		{D5245DEB-39C7-4BB5-BBF3-30E9DECA4427}.Debug|iPhoneSimulator.ActiveCfg = Debug|iPhoneSimulator
		{D5245DEB-39C7-4BB5-BBF3-30E9DECA4427}.Debug|iPhoneSimulator.Build.0 = Debug|iPhoneSimulator
		{D5245DEB-39C7-4BB5-BBF3-30E9DECA4427}.Debug|x64.ActiveCfg = Debug|iPhone
		{D5245DEB-39C7-4BB5-BBF3-30E9DECA4427}.Debug|x86.ActiveCfg = Debug|iPhone
		{D5245DEB-39C7-4BB5-BBF3-30E9DECA4427}.Release|Any CPU.ActiveCfg = Release|iPhone
		{D5245DEB-39C7-4BB5-BBF3-30E9DECA4427}.Release|ARM.ActiveCfg = Release|iPhone
		{D5245DEB-39C7-4BB5-BBF3-30E9DECA4427}.Release|iPhone.ActiveCfg = Release|iPhone
		{D5245DEB-39C7-4BB5-BBF3-30E9DECA4427}.Release|iPhone.Build.0 = Release|iPhone
		{D5245DEB-39C7-4BB5-BBF3-30E9DECA4427}.Release|iPhoneSimulator.ActiveCfg = Release|iPhoneSimulator
		{D5245DEB-39C7-4BB5-BBF3-30E9DECA4427}.Release|iPhoneSimulator.Build.0 = Release|iPhoneSimulator
		{D5245DEB-39C7-4BB5-BBF3-30E9DECA4427}.Release|x64.ActiveCfg = Release|iPhone
		{D5245DEB-39C7-4BB5-BBF3-30E9DECA4427}.Release|x86.ActiveCfg = Release|iPhone
	EndGlobalSection
	GlobalSection(SolutionProperties) = preSolution
		HideSolutionNode = FALSE
	EndGlobalSection
EndGlobal
